
Microsoft Visual Studio Solution File, Format Version 12.00
# Visual Studio 15
VisualStudioVersion = 15.0.28010.2003
MinimumVisualStudioVersion = 10.0.40219.1
Project("{9A19103F-16F7-4668-BE54-9A1E7A4F7556}") = "TimeSheet", "TimeSheet\TimeSheet.csproj", "{16B54572-817A-4778-8DCD-1E12E906EB7E}"
EndProject
Global
	GlobalSection(SolutionConfigurationPlatforms) = preSolution
		Debug|Any CPU = Debug|Any CPU
		Release|Any CPU = Release|Any CPU
	EndGlobalSection
	GlobalSection(ProjectConfigurationPlatforms) = postSolution
		{16B54572-817A-4778-8DCD-1E12E906EB7E}.Debug|Any CPU.ActiveCfg = Debug|Any CPU
		{16B54572-817A-4778-8DCD-1E12E906EB7E}.Debug|Any CPU.Build.0 = Debug|Any CPU
		{16B54572-817A-4778-8DCD-1E12E906EB7E}.Release|Any CPU.ActiveCfg = Release|Any CPU
		{16B54572-817A-4778-8DCD-1E12E906EB7E}.Release|Any CPU.Build.0 = Release|Any CPU
	EndGlobalSection
	GlobalSection(SolutionProperties) = preSolution
		HideSolutionNode = FALSE
	EndGlobalSection
	GlobalSection(ExtensibilityGlobals) = postSolution
		SolutionGuid = {03E7B1AA-2A38-4B2C-AD91-A0D9AD5FADA1}
	EndGlobalSection
EndGlobal
